
Microsoft Visual Studio Solution File, Format Version 12.00
# Visual Studio Version 16
VisualStudioVersion = 16.0.31424.327
MinimumVisualStudioVersion = 10.0.40219.1
Project("{9A19103F-16F7-4668-BE54-9A1E7A4F7556}") = "BlazorApp", "BlazorApp.csproj", "{919E5C45-5974-4829-8FD7-9390B6F92E68}"
EndProject
Global
	GlobalSection(SolutionConfigurationPlatforms) = preSolution
		Debug|Any CPU = Debug|Any CPU
		Release|Any CPU = Release|Any CPU
	EndGlobalSection
	GlobalSection(ProjectConfigurationPlatforms) = postSolution
		{919E5C45-5974-4829-8FD7-9390B6F92E68}.Debug|Any CPU.ActiveCfg = Debug|Any CPU
		{919E5C45-5974-4829-8FD7-9390B6F92E68}.Debug|Any CPU.Build.0 = Debug|Any CPU
		{919E5C45-5974-4829-8FD7-9390B6F92E68}.Release|Any CPU.ActiveCfg = Release|Any CPU
		{919E5C45-5974-4829-8FD7-9390B6F92E68}.Release|Any CPU.Build.0 = Release|Any CPU
	EndGlobalSection
	GlobalSection(SolutionProperties) = preSolution
		HideSolutionNode = FALSE
	EndGlobalSection
	GlobalSection(ExtensibilityGlobals) = postSolution
		SolutionGuid = {C3C2B2C5-5F48-4E3B-8831-8D541C34EF20}
	EndGlobalSection
EndGlobal
