
Microsoft Visual Studio Solution File, Format Version 12.00
# Visual Studio Version 16
VisualStudioVersion = 16.0.31424.327
MinimumVisualStudioVersion = 10.0.40219.1
Project("{9A19103F-16F7-4668-BE54-9A1E7A4F7556}") = "WebAPIClient", "WebAPIClient.csproj", "{A6691FB9-C256-4E90-B707-859384F98E23}"
EndProject
Global
	GlobalSection(SolutionConfigurationPlatforms) = preSolution
		Debug|Any CPU = Debug|Any CPU
		Release|Any CPU = Release|Any CPU
	EndGlobalSection
	GlobalSection(ProjectConfigurationPlatforms) = postSolution
		{A6691FB9-C256-4E90-B707-859384F98E23}.Debug|Any CPU.ActiveCfg = Debug|Any CPU
		{A6691FB9-C256-4E90-B707-859384F98E23}.Debug|Any CPU.Build.0 = Debug|Any CPU
		{A6691FB9-C256-4E90-B707-859384F98E23}.Release|Any CPU.ActiveCfg = Release|Any CPU
		{A6691FB9-C256-4E90-B707-859384F98E23}.Release|Any CPU.Build.0 = Release|Any CPU
	EndGlobalSection
	GlobalSection(SolutionProperties) = preSolution
		HideSolutionNode = FALSE
	EndGlobalSection
	GlobalSection(ExtensibilityGlobals) = postSolution
		SolutionGuid = {4AFFCDA8-D553-47E5-AE2A-3C55EB26A2D1}
	EndGlobalSection
EndGlobal
