
Microsoft Visual Studio Solution File, Format Version 12.00
# Visual Studio Version 16
VisualStudioVersion = 16.0.31424.327
MinimumVisualStudioVersion = 10.0.40219.1
Project("{9A19103F-16F7-4668-BE54-9A1E7A4F7556}") = "attributes", "attributes.csproj", "{42FD07CC-159C-4EFE-B8FC-B9EFF044D0E6}"
EndProject
Global
	GlobalSection(SolutionConfigurationPlatforms) = preSolution
		Debug|Any CPU = Debug|Any CPU
		Release|Any CPU = Release|Any CPU
	EndGlobalSection
	GlobalSection(ProjectConfigurationPlatforms) = postSolution
		{42FD07CC-159C-4EFE-B8FC-B9EFF044D0E6}.Debug|Any CPU.ActiveCfg = Debug|Any CPU
		{42FD07CC-159C-4EFE-B8FC-B9EFF044D0E6}.Debug|Any CPU.Build.0 = Debug|Any CPU
		{42FD07CC-159C-4EFE-B8FC-B9EFF044D0E6}.Release|Any CPU.ActiveCfg = Release|Any CPU
		{42FD07CC-159C-4EFE-B8FC-B9EFF044D0E6}.Release|Any CPU.Build.0 = Release|Any CPU
	EndGlobalSection
	GlobalSection(SolutionProperties) = preSolution
		HideSolutionNode = FALSE
	EndGlobalSection
	GlobalSection(ExtensibilityGlobals) = postSolution
		SolutionGuid = {49A67607-2DDB-47CE-A154-EBCE4FA7BCC3}
	EndGlobalSection
EndGlobal
